// !$*UTF8*$!
{
	archiveVersion = 1;
	classes = {
	};
	objectVersion = 77;
	objects = {

/* Begin PBXBuildFile section */
		391B662F390F79489D8E081F /* jpc.fit.widget.appex in Embed Foundation Extensions */ = {isa = PBXBuildFile; fileRef = CCFEBEC96E61FFE2E5E96FB1 /* jpc.fit.widget.appex */; };
		AE62A64FA675EE359B986EFC /* Foundation.framework in Frameworks */ = {isa = PBXBuildFile; fileRef = 3B77EE78D417E47A7EDEB6BE /* Foundation.framework */; };
		C4DB7B17D4D77C5F0665036B /* CalorieWidget.swift in Sources */ = {isa = PBXBuildFile; fileRef = 772AC2455E6E3EE4796E639D /* CalorieWidget.swift */; };
		CCF9B98E3B39BE620A5A3CC9 /* Foundation.framework in Frameworks */ = {isa = PBXBuildFile; fileRef = 3B77EE78D417E47A7EDEB6BE /* Foundation.framework */; };
		D03938E9BF8560870493DB56 /* DateNavigationUITests.swift in Sources */ = {isa = PBXBuildFile; fileRef = A7F97C19BEA3DB4EDD306A57 /* DateNavigationUITests.swift */; };
/* End PBXBuildFile section */

/* Begin PBXContainerItemProxy section */
		15583AFA2CEF8136DB25E2FA /* PBXContainerItemProxy */ = {
			isa = PBXContainerItemProxy;
			containerPortal = A6F519AD2F292AF4003875EA /* Project object */;
			proxyType = 1;
			remoteGlobalIDString = A6F519B42F292AF4003875EA;
			remoteInfo = jpc.fit.native;
		};
		E018967E52A42C488D3CD9EA /* PBXContainerItemProxy */ = {
			isa = PBXContainerItemProxy;
			containerPortal = A6F519AD2F292AF4003875EA /* Project object */;
			proxyType = 1;
			remoteGlobalIDString = 5CDDE555BD289B4A41037A9A;
			remoteInfo = jpc.fit.widget;
		};
/* End PBXContainerItemProxy section */

/* Begin PBXCopyFilesBuildPhase section */
		EBE60D5ACC9A9868BA4FBD52 /* Embed Foundation Extensions */ = {
			isa = PBXCopyFilesBuildPhase;
			buildActionMask = 2147483647;
			dstPath = "";
			dstSubfolderSpec = 13;
			files = (
				391B662F390F79489D8E081F /* jpc.fit.widget.appex in Embed Foundation Extensions */,
			);
			name = "Embed Foundation Extensions";
			runOnlyForDeploymentPostprocessing = 0;
		};
/* End PBXCopyFilesBuildPhase section */

/* Begin PBXFileReference section */
		3B77EE78D417E47A7EDEB6BE /* Foundation.framework */ = {isa = PBXFileReference; lastKnownFileType = wrapper.framework; name = Foundation.framework; path = Platforms/iPhoneOS.platform/Developer/SDKs/iPhoneOS18.0.sdk/System/Library/Frameworks/Foundation.framework; sourceTree = DEVELOPER_DIR; };
		407C94A290F3969B7142C63C /* jpc.fit.nativeUITests.xctest */ = {isa = PBXFileReference; explicitFileType = wrapper.cfbundle; includeInIndex = 0; path = jpc.fit.nativeUITests.xctest; sourceTree = BUILT_PRODUCTS_DIR; };
		772AC2455E6E3EE4796E639D /* CalorieWidget.swift */ = {isa = PBXFileReference; includeInIndex = 1; lastKnownFileType = sourcecode.swift; path = CalorieWidget.swift; sourceTree = "<group>"; };
		A6F519B52F292AF4003875EA /* jpc.fit.native.app */ = {isa = PBXFileReference; explicitFileType = wrapper.application; includeInIndex = 0; path = jpc.fit.native.app; sourceTree = BUILT_PRODUCTS_DIR; };
		A7F97C19BEA3DB4EDD306A57 /* DateNavigationUITests.swift */ = {isa = PBXFileReference; includeInIndex = 1; lastKnownFileType = sourcecode.swift; path = DateNavigationUITests.swift; sourceTree = "<group>"; };
		CCFEBEC96E61FFE2E5E96FB1 /* jpc.fit.widget.appex */ = {isa = PBXFileReference; explicitFileType = "wrapper.app-extension"; includeInIndex = 0; name = jpc.fit.widget.appex; path = jpc.fit.widget.appex; sourceTree = BUILT_PRODUCTS_DIR; };
/* End PBXFileReference section */

/* Begin PBXFileSystemSynchronizedRootGroup section */
		A6F519B72F292AF4003875EA /* jpc.fit.native */ = {
			isa = PBXFileSystemSynchronizedRootGroup;
			exceptions = (
			);
			path = jpc.fit.native;
			sourceTree = "<group>";
		};
/* End PBXFileSystemSynchronizedRootGroup section */

/* Begin PBXFrameworksBuildPhase section */
		378C731E232DEC7963AFCD47 /* Frameworks */ = {
			isa = PBXFrameworksBuildPhase;
			buildActionMask = 2147483647;
			files = (
				CCF9B98E3B39BE620A5A3CC9 /* Foundation.framework in Frameworks */,
			);
			runOnlyForDeploymentPostprocessing = 0;
		};
		9456589C239A74E565EECF85 /* Frameworks */ = {
			isa = PBXFrameworksBuildPhase;
			buildActionMask = 2147483647;
			files = (
				AE62A64FA675EE359B986EFC /* Foundation.framework in Frameworks */,
			);
			runOnlyForDeploymentPostprocessing = 0;
		};
		A6F519B22F292AF4003875EA /* Frameworks */ = {
			isa = PBXFrameworksBuildPhase;
			buildActionMask = 2147483647;
			files = (
			);
			runOnlyForDeploymentPostprocessing = 0;
		};
/* End PBXFrameworksBuildPhase section */

/* Begin PBXGroup section */
		331D11C718DFDD150B7CEAA2 /* iOS */ = {
			isa = PBXGroup;
			children = (
				3B77EE78D417E47A7EDEB6BE /* Foundation.framework */,
			);
			name = iOS;
			sourceTree = "<group>";
		};
		810952CB964BBC37FBEB9B9B /* Frameworks */ = {
			isa = PBXGroup;
			children = (
				331D11C718DFDD150B7CEAA2 /* iOS */,
			);
			name = Frameworks;
			sourceTree = "<group>";
		};
		9CA6F0C5AC32A9010E653AD7 /* jpc.fit.widget */ = {
			isa = PBXGroup;
			children = (
				772AC2455E6E3EE4796E639D /* CalorieWidget.swift */,
			);
			name = jpc.fit.widget;
			path = jpc.fit.widget;
			sourceTree = "<group>";
		};
		A6F519AC2F292AF4003875EA = {
			isa = PBXGroup;
			children = (
				A6F519B72F292AF4003875EA /* jpc.fit.native */,
				A6F519B62F292AF4003875EA /* Products */,
				810952CB964BBC37FBEB9B9B /* Frameworks */,
				F803BBE417142F6C427A9199 /* jpc.fit.nativeUITests */,
				9CA6F0C5AC32A9010E653AD7 /* jpc.fit.widget */,
			);
			sourceTree = "<group>";
		};
		A6F519B62F292AF4003875EA /* Products */ = {
			isa = PBXGroup;
			children = (
				A6F519B52F292AF4003875EA /* jpc.fit.native.app */,
				407C94A290F3969B7142C63C /* jpc.fit.nativeUITests.xctest */,
				CCFEBEC96E61FFE2E5E96FB1 /* jpc.fit.widget.appex */,
			);
			name = Products;
			sourceTree = "<group>";
		};
		F803BBE417142F6C427A9199 /* jpc.fit.nativeUITests */ = {
			isa = PBXGroup;
			children = (
				A7F97C19BEA3DB4EDD306A57 /* DateNavigationUITests.swift */,
			);
			name = jpc.fit.nativeUITests;
			path = jpc.fit.nativeUITests;
			sourceTree = "<group>";
		};
/* End PBXGroup section */

/* Begin PBXNativeTarget section */
		42644E9E73094AB8A004D660 /* jpc.fit.nativeUITests */ = {
			isa = PBXNativeTarget;
			buildConfigurationList = AF5C1D3C336CF21CABF3401E /* Build configuration list for PBXNativeTarget "jpc.fit.nativeUITests" */;
			buildPhases = (
				685C7902DF3D925852398242 /* Sources */,
				378C731E232DEC7963AFCD47 /* Frameworks */,
				38913677711956C9964F7745 /* Resources */,
			);
			buildRules = (
			);
			dependencies = (
				58A5920358DA56001D77BF8C /* PBXTargetDependency */,
			);
			name = jpc.fit.nativeUITests;
			productName = jpc.fit.nativeUITests;
			productReference = 407C94A290F3969B7142C63C /* jpc.fit.nativeUITests.xctest */;
			productType = "com.apple.product-type.bundle.ui-testing";
		};
		5CDDE555BD289B4A41037A9A /* jpc.fit.widget */ = {
			isa = PBXNativeTarget;
			buildConfigurationList = 9892FAB922163F7484691A24 /* Build configuration list for PBXNativeTarget "jpc.fit.widget" */;
			buildPhases = (
				B8D7375E21D5CCCFE9D63D7B /* Sources */,
				9456589C239A74E565EECF85 /* Frameworks */,
				EFB684057E293852B9E3198D /* Resources */,
			);
			buildRules = (
			);
			dependencies = (
			);
			name = jpc.fit.widget;
			productName = jpc.fit.widget;
			productReference = CCFEBEC96E61FFE2E5E96FB1 /* jpc.fit.widget.appex */;
			productType = "com.apple.product-type.app-extension";
		};
		A6F519B42F292AF4003875EA /* jpc.fit.native */ = {
			isa = PBXNativeTarget;
			buildConfigurationList = A6F519C02F292AF5003875EA /* Build configuration list for PBXNativeTarget "jpc.fit.native" */;
			buildPhases = (
				A6F519B12F292AF4003875EA /* Sources */,
				A6F519B22F292AF4003875EA /* Frameworks */,
				A6F519B32F292AF4003875EA /* Resources */,
				EBE60D5ACC9A9868BA4FBD52 /* Embed Foundation Extensions */,
			);
			buildRules = (
			);
			dependencies = (
				58E939BA5214B64253F09C3A /* PBXTargetDependency */,
			);
			fileSystemSynchronizedGroups = (
				A6F519B72F292AF4003875EA /* jpc.fit.native */,
			);
			name = jpc.fit.native;
			packageProductDependencies = (
				AMPDEP01 /* Amplify */,
				AMPDEP02 /* AWSCognitoAuthPlugin */,
				AMPDEP03 /* AWSAPIPlugin */,
				AMPDEP04 /* Authenticator */,
			);
			productName = jpc.fit.native;
			productReference = A6F519B52F292AF4003875EA /* jpc.fit.native.app */;
			productType = "com.apple.product-type.application";
		};
/* End PBXNativeTarget section */

/* Begin PBXProject section */
		A6F519AD2F292AF4003875EA /* Project object */ = {
			isa = PBXProject;
			attributes = {
				BuildIndependentTargetsInParallel = 1;
				LastSwiftUpdateCheck = 2610;
				LastUpgradeCheck = 2610;
				TargetAttributes = {
					A6F519B42F292AF4003875EA = {
						CreatedOnToolsVersion = 26.1.1;
					};
				};
			};
			buildConfigurationList = A6F519B02F292AF4003875EA /* Build configuration list for PBXProject "jpc.fit.native" */;
			developmentRegion = en;
			hasScannedForEncodings = 0;
			knownRegions = (
				en,
				Base,
			);
			mainGroup = A6F519AC2F292AF4003875EA;
			minimizedProjectReferenceProxies = 1;
			packageReferences = (
				AMPPKG01 /* XCRemoteSwiftPackageReference "amplify-swift" */,
				AMPPKG02 /* XCRemoteSwiftPackageReference "amplify-ui-swift-authenticator" */,
			);
			preferredProjectObjectVersion = 77;
			productRefGroup = A6F519B62F292AF4003875EA /* Products */;
			projectDirPath = "";
			projectRoot = "";
			targets = (
				A6F519B42F292AF4003875EA /* jpc.fit.native */,
				42644E9E73094AB8A004D660 /* jpc.fit.nativeUITests */,
				5CDDE555BD289B4A41037A9A /* jpc.fit.widget */,
			);
		};
/* End PBXProject section */

/* Begin PBXResourcesBuildPhase section */
		38913677711956C9964F7745 /* Resources */ = {
			isa = PBXResourcesBuildPhase;
			buildActionMask = 2147483647;
			files = (
			);
			runOnlyForDeploymentPostprocessing = 0;
		};
		A6F519B32F292AF4003875EA /* Resources */ = {
			isa = PBXResourcesBuildPhase;
			buildActionMask = 2147483647;
			files = (
			);
			runOnlyForDeploymentPostprocessing = 0;
		};
		EFB684057E293852B9E3198D /* Resources */ = {
			isa = PBXResourcesBuildPhase;
			buildActionMask = 2147483647;
			files = (
			);
			runOnlyForDeploymentPostprocessing = 0;
		};
/* End PBXResourcesBuildPhase section */

/* Begin PBXSourcesBuildPhase section */
		685C7902DF3D925852398242 /* Sources */ = {
			isa = PBXSourcesBuildPhase;
			buildActionMask = 2147483647;
			files = (
				D03938E9BF8560870493DB56 /* DateNavigationUITests.swift in Sources */,
			);
			runOnlyForDeploymentPostprocessing = 0;
		};
		A6F519B12F292AF4003875EA /* Sources */ = {
			isa = PBXSourcesBuildPhase;
			buildActionMask = 2147483647;
			files = (
			);
			runOnlyForDeploymentPostprocessing = 0;
		};
		B8D7375E21D5CCCFE9D63D7B /* Sources */ = {
			isa = PBXSourcesBuildPhase;
			buildActionMask = 2147483647;
			files = (
				C4DB7B17D4D77C5F0665036B /* CalorieWidget.swift in Sources */,
			);
			runOnlyForDeploymentPostprocessing = 0;
		};
/* End PBXSourcesBuildPhase section */

/* Begin PBXTargetDependency section */
		58A5920358DA56001D77BF8C /* PBXTargetDependency */ = {
			isa = PBXTargetDependency;
			name = jpc.fit.native;
			target = A6F519B42F292AF4003875EA /* jpc.fit.native */;
			targetProxy = 15583AFA2CEF8136DB25E2FA /* PBXContainerItemProxy */;
		};
		58E939BA5214B64253F09C3A /* PBXTargetDependency */ = {
			isa = PBXTargetDependency;
			name = jpc.fit.widget;
			target = 5CDDE555BD289B4A41037A9A /* jpc.fit.widget */;
			targetProxy = E018967E52A42C488D3CD9EA /* PBXContainerItemProxy */;
		};
/* End PBXTargetDependency section */

/* Begin XCBuildConfiguration section */
		096A2C48817FD634F139A388 /* Release */ = {
			isa = XCBuildConfiguration;
			buildSettings = {
				ASSETCATALOG_COMPILER_GLOBAL_ACCENT_COLOR_NAME = AccentColor;
				ASSETCATALOG_COMPILER_WIDGET_BACKGROUND_COLOR_NAME = WidgetBackground;
				CLANG_ENABLE_OBJC_WEAK = NO;
				CODE_SIGN_ENTITLEMENTS = jpc.fit.widget/jpc.fit.widget.entitlements;
				CODE_SIGN_STYLE = Automatic;
				CURRENT_PROJECT_VERSION = 1;
				DEVELOPMENT_TEAM = JW5SC3NYUV;
				GENERATE_INFOPLIST_FILE = NO;
				INFOPLIST_FILE = jpc.fit.widget/Info.plist;
				INFOPLIST_KEY_CFBundleDisplayName = "Calorie Widget";
				INFOPLIST_KEY_NSHumanReadableCopyright = "";
				IPHONEOS_DEPLOYMENT_TARGET = 18.0;
				LD_RUNPATH_SEARCH_PATHS = (
					"$(inherited)",
					"@executable_path/Frameworks",
					"@executable_path/../../Frameworks",
				);
				MARKETING_VERSION = 1.0;
				PRODUCT_BUNDLE_IDENTIFIER = com.johncorser.fit.JpcFitWidget;
				PRODUCT_NAME = jpc.fit.widget;
				SDKROOT = iphoneos;
				SKIP_INSTALL = YES;
				SWIFT_VERSION = 5.0;
				VALIDATE_PRODUCT = YES;
				WRAPPER_EXTENSION = appex;
			};
			name = Release;
		};
		56414183B81382FBB8D26AE1 /* Release */ = {
			isa = XCBuildConfiguration;
			buildSettings = {
				CLANG_ENABLE_OBJC_WEAK = NO;
				CODE_SIGN_STYLE = Automatic;
				DEVELOPMENT_TEAM = JW5SC3NYUV;
				GENERATE_INFOPLIST_FILE = YES;
				IPHONEOS_DEPLOYMENT_TARGET = 18.0;
				PRODUCT_BUNDLE_IDENTIFIER = com.johncorser.fit.uitests;
				PRODUCT_NAME = "$(TARGET_NAME)";
				SDKROOT = iphoneos;
				SWIFT_VERSION = 5.0;
				TEST_TARGET_NAME = jpc.fit.native;
				VALIDATE_PRODUCT = YES;
			};
			name = Release;
		};
		92DAE45F087089BA97BB7043 /* Debug */ = {
			isa = XCBuildConfiguration;
			buildSettings = {
				ASSETCATALOG_COMPILER_GLOBAL_ACCENT_COLOR_NAME = AccentColor;
				ASSETCATALOG_COMPILER_WIDGET_BACKGROUND_COLOR_NAME = WidgetBackground;
				CLANG_ENABLE_OBJC_WEAK = NO;
				CODE_SIGN_ENTITLEMENTS = jpc.fit.widget/jpc.fit.widget.entitlements;
				CODE_SIGN_STYLE = Automatic;
				CURRENT_PROJECT_VERSION = 1;
				DEVELOPMENT_TEAM = JW5SC3NYUV;
				GENERATE_INFOPLIST_FILE = NO;
				INFOPLIST_FILE = jpc.fit.widget/Info.plist;
				INFOPLIST_KEY_CFBundleDisplayName = "Calorie Widget";
				INFOPLIST_KEY_NSHumanReadableCopyright = "";
				IPHONEOS_DEPLOYMENT_TARGET = 18.0;
				LD_RUNPATH_SEARCH_PATHS = (
					"$(inherited)",
					"@executable_path/Frameworks",
					"@executable_path/../../Frameworks",
				);
				MARKETING_VERSION = 1.0;
				PRODUCT_BUNDLE_IDENTIFIER = com.johncorser.fit.JpcFitWidget;
				PRODUCT_NAME = jpc.fit.widget;
				SDKROOT = iphoneos;
				SKIP_INSTALL = YES;
				SWIFT_VERSION = 5.0;
				WRAPPER_EXTENSION = appex;
			};
			name = Debug;
		};
		A6F519BE2F292AF5003875EA /* Debug */ = {
			isa = XCBuildConfiguration;
			buildSettings = {
				ALWAYS_SEARCH_USER_PATHS = NO;
				ASSETCATALOG_COMPILER_GENERATE_SWIFT_ASSET_SYMBOL_EXTENSIONS = YES;
				CLANG_ANALYZER_NONNULL = YES;
				CLANG_ANALYZER_NUMBER_OBJECT_CONVERSION = YES_AGGRESSIVE;
				CLANG_CXX_LANGUAGE_STANDARD = "gnu++20";
				CLANG_ENABLE_MODULES = YES;
				CLANG_ENABLE_OBJC_ARC = YES;
				CLANG_ENABLE_OBJC_WEAK = YES;
				CLANG_WARN_BLOCK_CAPTURE_AUTORELEASING = YES;
				CLANG_WARN_BOOL_CONVERSION = YES;
				CLANG_WARN_COMMA = YES;
				CLANG_WARN_CONSTANT_CONVERSION = YES;
				CLANG_WARN_DEPRECATED_OBJC_IMPLEMENTATIONS = YES;
				CLANG_WARN_DIRECT_OBJC_ISA_USAGE = YES_ERROR;
				CLANG_WARN_DOCUMENTATION_COMMENTS = YES;
				CLANG_WARN_EMPTY_BODY = YES;
				CLANG_WARN_ENUM_CONVERSION = YES;
				CLANG_WARN_INFINITE_RECURSION = YES;
				CLANG_WARN_INT_CONVERSION = YES;
				CLANG_WARN_NON_LITERAL_NULL_CONVERSION = YES;
				CLANG_WARN_OBJC_IMPLICIT_RETAIN_SELF = YES;
				CLANG_WARN_OBJC_LITERAL_CONVERSION = YES;
				CLANG_WARN_OBJC_ROOT_CLASS = YES_ERROR;
				CLANG_WARN_QUOTED_INCLUDE_IN_FRAMEWORK_HEADER = YES;
				CLANG_WARN_RANGE_LOOP_ANALYSIS = YES;
				CLANG_WARN_STRICT_PROTOTYPES = YES;
				CLANG_WARN_SUSPICIOUS_MOVE = YES;
				CLANG_WARN_UNGUARDED_AVAILABILITY = YES_AGGRESSIVE;
				CLANG_WARN_UNREACHABLE_CODE = YES;
				CLANG_WARN__DUPLICATE_METHOD_MATCH = YES;
				COPY_PHASE_STRIP = NO;
				DEBUG_INFORMATION_FORMAT = dwarf;
				DEVELOPMENT_TEAM = JW5SC3NYUV;
				ENABLE_STRICT_OBJC_MSGSEND = YES;
				ENABLE_TESTABILITY = YES;
				ENABLE_USER_SCRIPT_SANDBOXING = YES;
				GCC_C_LANGUAGE_STANDARD = gnu17;
				GCC_DYNAMIC_NO_PIC = NO;
				GCC_NO_COMMON_BLOCKS = YES;
				GCC_OPTIMIZATION_LEVEL = 0;
				GCC_PREPROCESSOR_DEFINITIONS = (
					"DEBUG=1",
					"$(inherited)",
				);
				GCC_WARN_64_TO_32_BIT_CONVERSION = YES;
				GCC_WARN_ABOUT_RETURN_TYPE = YES_ERROR;
				GCC_WARN_UNDECLARED_SELECTOR = YES;
				GCC_WARN_UNINITIALIZED_AUTOS = YES_AGGRESSIVE;
				GCC_WARN_UNUSED_FUNCTION = YES;
				GCC_WARN_UNUSED_VARIABLE = YES;
				IPHONEOS_DEPLOYMENT_TARGET = 17.0;
				LOCALIZATION_PREFERS_STRING_CATALOGS = YES;
				MTL_ENABLE_DEBUG_INFO = INCLUDE_SOURCE;
				MTL_FAST_MATH = YES;
				ONLY_ACTIVE_ARCH = YES;
				SDKROOT = iphoneos;
				SWIFT_ACTIVE_COMPILATION_CONDITIONS = "DEBUG $(inherited)";
				SWIFT_OPTIMIZATION_LEVEL = "-Onone";
			};
			name = Debug;
		};
		A6F519BF2F292AF5003875EA /* Release */ = {
			isa = XCBuildConfiguration;
			buildSettings = {
				ALWAYS_SEARCH_USER_PATHS = NO;
				ASSETCATALOG_COMPILER_GENERATE_SWIFT_ASSET_SYMBOL_EXTENSIONS = YES;
				CLANG_ANALYZER_NONNULL = YES;
				CLANG_ANALYZER_NUMBER_OBJECT_CONVERSION = YES_AGGRESSIVE;
				CLANG_CXX_LANGUAGE_STANDARD = "gnu++20";
				CLANG_ENABLE_MODULES = YES;
				CLANG_ENABLE_OBJC_ARC = YES;
				CLANG_ENABLE_OBJC_WEAK = YES;
				CLANG_WARN_BLOCK_CAPTURE_AUTORELEASING = YES;
				CLANG_WARN_BOOL_CONVERSION = YES;
				CLANG_WARN_COMMA = YES;
				CLANG_WARN_CONSTANT_CONVERSION = YES;
				CLANG_WARN_DEPRECATED_OBJC_IMPLEMENTATIONS = YES;
				CLANG_WARN_DIRECT_OBJC_ISA_USAGE = YES_ERROR;
				CLANG_WARN_DOCUMENTATION_COMMENTS = YES;
				CLANG_WARN_EMPTY_BODY = YES;
				CLANG_WARN_ENUM_CONVERSION = YES;
				CLANG_WARN_INFINITE_RECURSION = YES;
				CLANG_WARN_INT_CONVERSION = YES;
				CLANG_WARN_NON_LITERAL_NULL_CONVERSION = YES;
				CLANG_WARN_OBJC_IMPLICIT_RETAIN_SELF = YES;
				CLANG_WARN_OBJC_LITERAL_CONVERSION = YES;
				CLANG_WARN_OBJC_ROOT_CLASS = YES_ERROR;
				CLANG_WARN_QUOTED_INCLUDE_IN_FRAMEWORK_HEADER = YES;
				CLANG_WARN_RANGE_LOOP_ANALYSIS = YES;
				CLANG_WARN_STRICT_PROTOTYPES = YES;
				CLANG_WARN_SUSPICIOUS_MOVE = YES;
				CLANG_WARN_UNGUARDED_AVAILABILITY = YES_AGGRESSIVE;
				CLANG_WARN_UNREACHABLE_CODE = YES;
				CLANG_WARN__DUPLICATE_METHOD_MATCH = YES;
				COPY_PHASE_STRIP = NO;
				DEBUG_INFORMATION_FORMAT = "dwarf-with-dsym";
				DEVELOPMENT_TEAM = JW5SC3NYUV;
				ENABLE_NS_ASSERTIONS = NO;
				ENABLE_STRICT_OBJC_MSGSEND = YES;
				ENABLE_USER_SCRIPT_SANDBOXING = YES;
				GCC_C_LANGUAGE_STANDARD = gnu17;
				GCC_NO_COMMON_BLOCKS = YES;
				GCC_WARN_64_TO_32_BIT_CONVERSION = YES;
				GCC_WARN_ABOUT_RETURN_TYPE = YES_ERROR;
				GCC_WARN_UNDECLARED_SELECTOR = YES;
				GCC_WARN_UNINITIALIZED_AUTOS = YES_AGGRESSIVE;
				GCC_WARN_UNUSED_FUNCTION = YES;
				GCC_WARN_UNUSED_VARIABLE = YES;
				IPHONEOS_DEPLOYMENT_TARGET = 17.0;
				LOCALIZATION_PREFERS_STRING_CATALOGS = YES;
				MTL_ENABLE_DEBUG_INFO = NO;
				MTL_FAST_MATH = YES;
				SDKROOT = iphoneos;
				SWIFT_COMPILATION_MODE = wholemodule;
				VALIDATE_PRODUCT = YES;
			};
			name = Release;
		};
		A6F519C12F292AF5003875EA /* Debug */ = {
			isa = XCBuildConfiguration;
			buildSettings = {
				ASSETCATALOG_COMPILER_APPICON_NAME = AppIcon;
				ASSETCATALOG_COMPILER_GLOBAL_ACCENT_COLOR_NAME = AccentColor;
				CODE_SIGN_ENTITLEMENTS = jpc.fit.native/jpc.fit.native.entitlements;
				CODE_SIGN_STYLE = Automatic;
				CURRENT_PROJECT_VERSION = 1;
				DEVELOPMENT_TEAM = JW5SC3NYUV;
				ENABLE_PREVIEWS = YES;
				GENERATE_INFOPLIST_FILE = YES;
				INFOPLIST_KEY_NSHealthShareUsageDescription = "This app needs access to your health data to track calories burned.";
				INFOPLIST_KEY_UIApplicationSceneManifest_Generation = YES;
				INFOPLIST_KEY_UIApplicationSupportsIndirectInputEvents = YES;
				INFOPLIST_KEY_UILaunchScreen_Generation = YES;
				INFOPLIST_KEY_UISupportedInterfaceOrientations_iPad = "UIInterfaceOrientationPortrait UIInterfaceOrientationPortraitUpsideDown UIInterfaceOrientationLandscapeLeft UIInterfaceOrientationLandscapeRight";
				INFOPLIST_KEY_UISupportedInterfaceOrientations_iPhone = "UIInterfaceOrientationPortrait UIInterfaceOrientationLandscapeLeft UIInterfaceOrientationLandscapeRight";
				LD_RUNPATH_SEARCH_PATHS = (
					"$(inherited)",
					"@executable_path/Frameworks",
				);
				MARKETING_VERSION = 1.0;
				PRODUCT_BUNDLE_IDENTIFIER = com.johncorser.fit;
				PRODUCT_NAME = jpc.fit;
				STRING_CATALOG_GENERATE_SYMBOLS = YES;
				SWIFT_EMIT_LOC_STRINGS = YES;
				SWIFT_VERSION = 5.0;
				TARGETED_DEVICE_FAMILY = "1,2";
			};
			name = Debug;
		};
		A6F519C22F292AF5003875EA /* Release */ = {
			isa = XCBuildConfiguration;
			buildSettings = {
				ASSETCATALOG_COMPILER_APPICON_NAME = AppIcon;
				ASSETCATALOG_COMPILER_GLOBAL_ACCENT_COLOR_NAME = AccentColor;
				CODE_SIGN_ENTITLEMENTS = jpc.fit.native/jpc.fit.native.entitlements;
				CODE_SIGN_STYLE = Automatic;
				CURRENT_PROJECT_VERSION = 1;
				DEVELOPMENT_TEAM = JW5SC3NYUV;
				ENABLE_PREVIEWS = YES;
				GENERATE_INFOPLIST_FILE = YES;
				INFOPLIST_KEY_NSHealthShareUsageDescription = "This app needs access to your health data to track calories burned.";
				INFOPLIST_KEY_UIApplicationSceneManifest_Generation = YES;
				INFOPLIST_KEY_UIApplicationSupportsIndirectInputEvents = YES;
				INFOPLIST_KEY_UILaunchScreen_Generation = YES;
				INFOPLIST_KEY_UISupportedInterfaceOrientations_iPad = "UIInterfaceOrientationPortrait UIInterfaceOrientationPortraitUpsideDown UIInterfaceOrientationLandscapeLeft UIInterfaceOrientationLandscapeRight";
				INFOPLIST_KEY_UISupportedInterfaceOrientations_iPhone = "UIInterfaceOrientationPortrait UIInterfaceOrientationLandscapeLeft UIInterfaceOrientationLandscapeRight";
				LD_RUNPATH_SEARCH_PATHS = (
					"$(inherited)",
					"@executable_path/Frameworks",
				);
				MARKETING_VERSION = 1.0;
				PRODUCT_BUNDLE_IDENTIFIER = com.johncorser.fit;
				PRODUCT_NAME = jpc.fit;
				STRING_CATALOG_GENERATE_SYMBOLS = YES;
				SWIFT_EMIT_LOC_STRINGS = YES;
				SWIFT_VERSION = 5.0;
				TARGETED_DEVICE_FAMILY = "1,2";
			};
			name = Release;
		};
		A8B53941501AF4E8FF3F5B0C /* Debug */ = {
			isa = XCBuildConfiguration;
			buildSettings = {
				CLANG_ENABLE_OBJC_WEAK = NO;
				CODE_SIGN_STYLE = Automatic;
				DEVELOPMENT_TEAM = JW5SC3NYUV;
				GENERATE_INFOPLIST_FILE = YES;
				IPHONEOS_DEPLOYMENT_TARGET = 18.0;
				PRODUCT_BUNDLE_IDENTIFIER = com.johncorser.fit.uitests;
				PRODUCT_NAME = "$(TARGET_NAME)";
				SDKROOT = iphoneos;
				SWIFT_VERSION = 5.0;
				TEST_TARGET_NAME = jpc.fit.native;
			};
			name = Debug;
		};
/* End XCBuildConfiguration section */

/* Begin XCConfigurationList section */
		9892FAB922163F7484691A24 /* Build configuration list for PBXNativeTarget "jpc.fit.widget" */ = {
			isa = XCConfigurationList;
			buildConfigurations = (
				096A2C48817FD634F139A388 /* Release */,
				92DAE45F087089BA97BB7043 /* Debug */,
			);
			defaultConfigurationIsVisible = 0;
			defaultConfigurationName = Release;
		};
		A6F519B02F292AF4003875EA /* Build configuration list for PBXProject "jpc.fit.native" */ = {
			isa = XCConfigurationList;
			buildConfigurations = (
				A6F519BE2F292AF5003875EA /* Debug */,
				A6F519BF2F292AF5003875EA /* Release */,
			);
			defaultConfigurationIsVisible = 0;
			defaultConfigurationName = Release;
		};
		A6F519C02F292AF5003875EA /* Build configuration list for PBXNativeTarget "jpc.fit.native" */ = {
			isa = XCConfigurationList;
			buildConfigurations = (
				A6F519C12F292AF5003875EA /* Debug */,
				A6F519C22F292AF5003875EA /* Release */,
			);
			defaultConfigurationIsVisible = 0;
			defaultConfigurationName = Release;
		};
		AF5C1D3C336CF21CABF3401E /* Build configuration list for PBXNativeTarget "jpc.fit.nativeUITests" */ = {
			isa = XCConfigurationList;
			buildConfigurations = (
				56414183B81382FBB8D26AE1 /* Release */,
				A8B53941501AF4E8FF3F5B0C /* Debug */,
			);
			defaultConfigurationIsVisible = 0;
			defaultConfigurationName = Release;
		};
/* End XCConfigurationList section */

/* Begin XCRemoteSwiftPackageReference section */
		AMPPKG01 /* XCRemoteSwiftPackageReference "amplify-swift" */ = {
			isa = XCRemoteSwiftPackageReference;
			repositoryURL = "https://github.com/aws-amplify/amplify-swift";
			requirement = {
				kind = upToNextMajorVersion;
				minimumVersion = 2.0.0;
			};
		};
		AMPPKG02 /* XCRemoteSwiftPackageReference "amplify-ui-swift-authenticator" */ = {
			isa = XCRemoteSwiftPackageReference;
			repositoryURL = "https://github.com/aws-amplify/amplify-ui-swift-authenticator";
			requirement = {
				kind = upToNextMajorVersion;
				minimumVersion = 1.0.0;
			};
		};
/* End XCRemoteSwiftPackageReference section */

/* Begin XCSwiftPackageProductDependency section */
		AMPDEP01 /* Amplify */ = {
			isa = XCSwiftPackageProductDependency;
			package = AMPPKG01 /* XCRemoteSwiftPackageReference "amplify-swift" */;
			productName = Amplify;
		};
		AMPDEP02 /* AWSCognitoAuthPlugin */ = {
			isa = XCSwiftPackageProductDependency;
			package = AMPPKG01 /* XCRemoteSwiftPackageReference "amplify-swift" */;
			productName = AWSCognitoAuthPlugin;
		};
		AMPDEP03 /* AWSAPIPlugin */ = {
			isa = XCSwiftPackageProductDependency;
			package = AMPPKG01 /* XCRemoteSwiftPackageReference "amplify-swift" */;
			productName = AWSAPIPlugin;
		};
		AMPDEP04 /* Authenticator */ = {
			isa = XCSwiftPackageProductDependency;
			package = AMPPKG02 /* XCRemoteSwiftPackageReference "amplify-ui-swift-authenticator" */;
			productName = Authenticator;
		};
/* End XCSwiftPackageProductDependency section */
	};
	rootObject = A6F519AD2F292AF4003875EA /* Project object */;
}
